<Solution>
  <Project Path="Estudo/Estudo.csproj" />
  <Project Path="Estudo0/Estudo0.csproj" />
  <Project Path="Estudo00/Estudo00.csproj" />
  <Project Path="Estudo01/Estudo01.csproj" />
  <Project Path="Estudo02/Estudo02.csproj" />
  <Project Path="Estudo1/Estudo1.csproj" />
  <Project Path="Estudo2/Estudo2.csproj" />
</Solution>
